// !$*UTF8*$!
{
	archiveVersion = 1;
	classes = {
	};
	objectVersion = 51;
	objects = {

/* Begin PBXBuildFile section */
		184E9A79E5F9559224DA0B19 /* Pods_WhereAreYou.framework in Frameworks */ = {isa = PBXBuildFile; fileRef = 3A03D887D1AE42681852CB4C /* Pods_WhereAreYou.framework */; };
		A52E6926245D4B610084B268 /* AppDelegate.swift in Sources */ = {isa = PBXBuildFile; fileRef = A52E6925245D4B610084B268 /* AppDelegate.swift */; };
		A52E6928245D4B610084B268 /* SceneDelegate.swift in Sources */ = {isa = PBXBuildFile; fileRef = A52E6927245D4B610084B268 /* SceneDelegate.swift */; };
		A52E692A245D4B610084B268 /* ViewController.swift in Sources */ = {isa = PBXBuildFile; fileRef = A52E6929245D4B610084B268 /* ViewController.swift */; };
		A52E692D245D4B610084B268 /* Main.storyboard in Resources */ = {isa = PBXBuildFile; fileRef = A52E692B245D4B610084B268 /* Main.storyboard */; };
		A52E6930245D4B610084B268 /* WhereAreYou.xcdatamodeld in Sources */ = {isa = PBXBuildFile; fileRef = A52E692E245D4B610084B268 /* WhereAreYou.xcdatamodeld */; };
		A52E6932245D4B610084B268 /* Assets.xcassets in Resources */ = {isa = PBXBuildFile; fileRef = A52E6931245D4B610084B268 /* Assets.xcassets */; };
		A52E6935245D4B610084B268 /* LaunchScreen.storyboard in Resources */ = {isa = PBXBuildFile; fileRef = A52E6933245D4B610084B268 /* LaunchScreen.storyboard */; };
/* End PBXBuildFile section */

/* Begin PBXFileReference section */
		25F3374AEDF3C6FC47705AD2 /* Pods-WhereAreYou.release.xcconfig */ = {isa = PBXFileReference; includeInIndex = 1; lastKnownFileType = text.xcconfig; name = "Pods-WhereAreYou.release.xcconfig"; path = "Target Support Files/Pods-WhereAreYou/Pods-WhereAreYou.release.xcconfig"; sourceTree = "<group>"; };
		3A03D887D1AE42681852CB4C /* Pods_WhereAreYou.framework */ = {isa = PBXFileReference; explicitFileType = wrapper.framework; includeInIndex = 0; path = Pods_WhereAreYou.framework; sourceTree = BUILT_PRODUCTS_DIR; };
		A52E6922245D4B610084B268 /* WhereAreYou.app */ = {isa = PBXFileReference; explicitFileType = wrapper.application; includeInIndex = 0; path = WhereAreYou.app; sourceTree = BUILT_PRODUCTS_DIR; };
		A52E6925245D4B610084B268 /* AppDelegate.swift */ = {isa = PBXFileReference; lastKnownFileType = sourcecode.swift; path = AppDelegate.swift; sourceTree = "<group>"; };
		A52E6927245D4B610084B268 /* SceneDelegate.swift */ = {isa = PBXFileReference; lastKnownFileType = sourcecode.swift; path = SceneDelegate.swift; sourceTree = "<group>"; };
		A52E6929245D4B610084B268 /* ViewController.swift */ = {isa = PBXFileReference; lastKnownFileType = sourcecode.swift; path = ViewController.swift; sourceTree = "<group>"; };
		A52E692C245D4B610084B268 /* Base */ = {isa = PBXFileReference; lastKnownFileType = file.storyboard; name = Base; path = Base.lproj/Main.storyboard; sourceTree = "<group>"; };
		A52E692F245D4B610084B268 /* WhereAreYou.xcdatamodel */ = {isa = PBXFileReference; lastKnownFileType = wrapper.xcdatamodel; path = WhereAreYou.xcdatamodel; sourceTree = "<group>"; };
		A52E6931245D4B610084B268 /* Assets.xcassets */ = {isa = PBXFileReference; lastKnownFileType = folder.assetcatalog; path = Assets.xcassets; sourceTree = "<group>"; };
		A52E6934245D4B610084B268 /* Base */ = {isa = PBXFileReference; lastKnownFileType = file.storyboard; name = Base; path = Base.lproj/LaunchScreen.storyboard; sourceTree = "<group>"; };
		A52E6936245D4B610084B268 /* Info.plist */ = {isa = PBXFileReference; lastKnownFileType = text.plist.xml; path = Info.plist; sourceTree = "<group>"; };
		E2601C2D0C9620BE85B91FE8 /* Pods-WhereAreYou.debug.xcconfig */ = {isa = PBXFileReference; includeInIndex = 1; lastKnownFileType = text.xcconfig; name = "Pods-WhereAreYou.debug.xcconfig"; path = "Target Support Files/Pods-WhereAreYou/Pods-WhereAreYou.debug.xcconfig"; sourceTree = "<group>"; };
/* End PBXFileReference section */

/* Begin PBXFrameworksBuildPhase section */
		A52E691F245D4B610084B268 /* Frameworks */ = {
			isa = PBXFrameworksBuildPhase;
			buildActionMask = 2147483647;
			files = (
				184E9A79E5F9559224DA0B19 /* Pods_WhereAreYou.framework in Frameworks */,
			);
			runOnlyForDeploymentPostprocessing = 0;
		};
/* End PBXFrameworksBuildPhase section */

/* Begin PBXGroup section */
		6D3D8FD3BC38D5215F11A2BC /* Frameworks */ = {
			isa = PBXGroup;
			children = (
				3A03D887D1AE42681852CB4C /* Pods_WhereAreYou.framework */,
			);
			name = Frameworks;
			sourceTree = "<group>";
		};
		A52E6919245D4B610084B268 = {
			isa = PBXGroup;
			children = (
				A52E6924245D4B610084B268 /* WhereAreYou */,
				A52E6923245D4B610084B268 /* Products */,
				C58D7AACB4734ACAE56EFD75 /* Pods */,
				6D3D8FD3BC38D5215F11A2BC /* Frameworks */,
			);
			sourceTree = "<group>";
		};
		A52E6923245D4B610084B268 /* Products */ = {
			isa = PBXGroup;
			children = (
				A52E6922245D4B610084B268 /* WhereAreYou.app */,
			);
			name = Products;
			sourceTree = "<group>";
		};
		A52E6924245D4B610084B268 /* WhereAreYou */ = {
			isa = PBXGroup;
			children = (
				A52E6925245D4B610084B268 /* AppDelegate.swift */,
				A52E6927245D4B610084B268 /* SceneDelegate.swift */,
				A52E6929245D4B610084B268 /* ViewController.swift */,
				A52E692B245D4B610084B268 /* Main.storyboard */,
				A52E6931245D4B610084B268 /* Assets.xcassets */,
				A52E6933245D4B610084B268 /* LaunchScreen.storyboard */,
				A52E6936245D4B610084B268 /* Info.plist */,
				A52E692E245D4B610084B268 /* WhereAreYou.xcdatamodeld */,
			);
			path = WhereAreYou;
			sourceTree = "<group>";
		};
		C58D7AACB4734ACAE56EFD75 /* Pods */ = {
			isa = PBXGroup;
			children = (
				E2601C2D0C9620BE85B91FE8 /* Pods-WhereAreYou.debug.xcconfig */,
				25F3374AEDF3C6FC47705AD2 /* Pods-WhereAreYou.release.xcconfig */,
			);
			path = Pods;
			sourceTree = "<group>";
		};
/* End PBXGroup section */

/* Begin PBXNativeTarget section */
		A52E6921245D4B610084B268 /* WhereAreYou */ = {
			isa = PBXNativeTarget;
			buildConfigurationList = A52E6939245D4B610084B268 /* Build configuration list for PBXNativeTarget "WhereAreYou" */;
			buildPhases = (
				302D3343019D08A65241C584 /* [CP] Check Pods Manifest.lock */,
				A52E691E245D4B610084B268 /* Sources */,
				A52E691F245D4B610084B268 /* Frameworks */,
				A52E6920245D4B610084B268 /* Resources */,
				C7326DFBB99382E98A530299 /* [CP] Embed Pods Frameworks */,
			);
			buildRules = (
			);
			dependencies = (
			);
			name = WhereAreYou;
			productName = WhereAreYou;
			productReference = A52E6922245D4B610084B268 /* WhereAreYou.app */;
			productType = "com.apple.product-type.application";
		};
/* End PBXNativeTarget section */

/* Begin PBXProject section */
		A52E691A245D4B610084B268 /* Project object */ = {
			isa = PBXProject;
			attributes = {
				LastSwiftUpdateCheck = 1140;
				LastUpgradeCheck = 1140;
				ORGANIZATIONNAME = once;
				TargetAttributes = {
					A52E6921245D4B610084B268 = {
						CreatedOnToolsVersion = 11.4.1;
					};
				};
			};
			buildConfigurationList = A52E691D245D4B610084B268 /* Build configuration list for PBXProject "WhereAreYou" */;
			compatibilityVersion = "Xcode 9.3";
			developmentRegion = en;
			hasScannedForEncodings = 0;
			knownRegions = (
				en,
				Base,
			);
			mainGroup = A52E6919245D4B610084B268;
			productRefGroup = A52E6923245D4B610084B268 /* Products */;
			projectDirPath = "";
			projectRoot = "";
			targets = (
				A52E6921245D4B610084B268 /* WhereAreYou */,
			);
		};
/* End PBXProject section */

/* Begin PBXResourcesBuildPhase section */
		A52E6920245D4B610084B268 /* Resources */ = {
			isa = PBXResourcesBuildPhase;
			buildActionMask = 2147483647;
			files = (
				A52E6935245D4B610084B268 /* LaunchScreen.storyboard in Resources */,
				A52E6932245D4B610084B268 /* Assets.xcassets in Resources */,
				A52E692D245D4B610084B268 /* Main.storyboard in Resources */,
			);
			runOnlyForDeploymentPostprocessing = 0;
		};
/* End PBXResourcesBuildPhase section */

/* Begin PBXShellScriptBuildPhase section */
		302D3343019D08A65241C584 /* [CP] Check Pods Manifest.lock */ = {
			isa = PBXShellScriptBuildPhase;
			buildActionMask = 2147483647;
			files = (
			);
			inputFileListPaths = (
			);
			inputPaths = (
				"${PODS_PODFILE_DIR_PATH}/Podfile.lock",
				"${PODS_ROOT}/Manifest.lock",
			);
			name = "[CP] Check Pods Manifest.lock";
			outputFileListPaths = (
			);
			outputPaths = (
				"$(DERIVED_FILE_DIR)/Pods-WhereAreYou-checkManifestLockResult.txt",
			);
			runOnlyForDeploymentPostprocessing = 0;
			shellPath = /bin/sh;
			shellScript = "diff \"${PODS_PODFILE_DIR_PATH}/Podfile.lock\" \"${PODS_ROOT}/Manifest.lock\" > /dev/null\nif [ $? != 0 ] ; then\n    # print error to STDERR\n    echo \"error: The sandbox is not in sync with the Podfile.lock. Run 'pod install' or update your CocoaPods installation.\" >&2\n    exit 1\nfi\n# This output is used by Xcode 'outputs' to avoid re-running this script phase.\necho \"SUCCESS\" > \"${SCRIPT_OUTPUT_FILE_0}\"\n";
			showEnvVarsInLog = 0;
		};
		C7326DFBB99382E98A530299 /* [CP] Embed Pods Frameworks */ = {
			isa = PBXShellScriptBuildPhase;
			buildActionMask = 2147483647;
			files = (
			);
			inputFileListPaths = (
				"${PODS_ROOT}/Target Support Files/Pods-WhereAreYou/Pods-WhereAreYou-frameworks-${CONFIGURATION}-input-files.xcfilelist",
			);
			name = "[CP] Embed Pods Frameworks";
			outputFileListPaths = (
				"${PODS_ROOT}/Target Support Files/Pods-WhereAreYou/Pods-WhereAreYou-frameworks-${CONFIGURATION}-output-files.xcfilelist",
			);
			runOnlyForDeploymentPostprocessing = 0;
			shellPath = /bin/sh;
			shellScript = "\"${PODS_ROOT}/Target Support Files/Pods-WhereAreYou/Pods-WhereAreYou-frameworks.sh\"\n";
			showEnvVarsInLog = 0;
		};
/* End PBXShellScriptBuildPhase section */

/* Begin PBXSourcesBuildPhase section */
		A52E691E245D4B610084B268 /* Sources */ = {
			isa = PBXSourcesBuildPhase;
			buildActionMask = 2147483647;
			files = (
				A52E6930245D4B610084B268 /* WhereAreYou.xcdatamodeld in Sources */,
				A52E692A245D4B610084B268 /* ViewController.swift in Sources */,
				A52E6926245D4B610084B268 /* AppDelegate.swift in Sources */,
				A52E6928245D4B610084B268 /* SceneDelegate.swift in Sources */,
			);
			runOnlyForDeploymentPostprocessing = 0;
		};
/* End PBXSourcesBuildPhase section */

/* Begin PBXVariantGroup section */
		A52E692B245D4B610084B268 /* Main.storyboard */ = {
			isa = PBXVariantGroup;
			children = (
				A52E692C245D4B610084B268 /* Base */,
			);
			name = Main.storyboard;
			sourceTree = "<group>";
		};
		A52E6933245D4B610084B268 /* LaunchScreen.storyboard */ = {
			isa = PBXVariantGroup;
			children = (
				A52E6934245D4B610084B268 /* Base */,
			);
			name = LaunchScreen.storyboard;
			sourceTree = "<group>";
		};
/* End PBXVariantGroup section */

/* Begin XCBuildConfiguration section */
		A52E6937245D4B610084B268 /* Debug */ = {
			isa = XCBuildConfiguration;
			buildSettings = {
				ALWAYS_SEARCH_USER_PATHS = NO;
				CLANG_ANALYZER_NONNULL = YES;
				CLANG_ANALYZER_NUMBER_OBJECT_CONVERSION = YES_AGGRESSIVE;
				CLANG_CXX_LANGUAGE_STANDARD = "gnu++14";
				CLANG_CXX_LIBRARY = "libc++";
				CLANG_ENABLE_MODULES = YES;
				CLANG_ENABLE_OBJC_ARC = YES;
				CLANG_ENABLE_OBJC_WEAK = YES;
				CLANG_WARN_BLOCK_CAPTURE_AUTORELEASING = YES;
				CLANG_WARN_BOOL_CONVERSION = YES;
				CLANG_WARN_COMMA = YES;
				CLANG_WARN_CONSTANT_CONVERSION = YES;
				CLANG_WARN_DEPRECATED_OBJC_IMPLEMENTATIONS = YES;
				CLANG_WARN_DIRECT_OBJC_ISA_USAGE = YES_ERROR;
				CLANG_WARN_DOCUMENTATION_COMMENTS = YES;
				CLANG_WARN_EMPTY_BODY = YES;
				CLANG_WARN_ENUM_CONVERSION = YES;
				CLANG_WARN_INFINITE_RECURSION = YES;
				CLANG_WARN_INT_CONVERSION = YES;
				CLANG_WARN_NON_LITERAL_NULL_CONVERSION = YES;
				CLANG_WARN_OBJC_IMPLICIT_RETAIN_SELF = YES;
				CLANG_WARN_OBJC_LITERAL_CONVERSION = YES;
				CLANG_WARN_OBJC_ROOT_CLASS = YES_ERROR;
				CLANG_WARN_RANGE_LOOP_ANALYSIS = YES;
				CLANG_WARN_STRICT_PROTOTYPES = YES;
				CLANG_WARN_SUSPICIOUS_MOVE = YES;
				CLANG_WARN_UNGUARDED_AVAILABILITY = YES_AGGRESSIVE;
				CLANG_WARN_UNREACHABLE_CODE = YES;
				CLANG_WARN__DUPLICATE_METHOD_MATCH = YES;
				COPY_PHASE_STRIP = NO;
				DEBUG_INFORMATION_FORMAT = dwarf;
				ENABLE_STRICT_OBJC_MSGSEND = YES;
				ENABLE_TESTABILITY = YES;
				GCC_C_LANGUAGE_STANDARD = gnu11;
				GCC_DYNAMIC_NO_PIC = NO;
				GCC_NO_COMMON_BLOCKS = YES;
				GCC_OPTIMIZATION_LEVEL = 0;
				GCC_PREPROCESSOR_DEFINITIONS = (
					"DEBUG=1",
					"$(inherited)",
				);
				GCC_WARN_64_TO_32_BIT_CONVERSION = YES;
				GCC_WARN_ABOUT_RETURN_TYPE = YES_ERROR;
				GCC_WARN_UNDECLARED_SELECTOR = YES;
				GCC_WARN_UNINITIALIZED_AUTOS = YES_AGGRESSIVE;
				GCC_WARN_UNUSED_FUNCTION = YES;
				GCC_WARN_UNUSED_VARIABLE = YES;
				IPHONEOS_DEPLOYMENT_TARGET = 13.4;
				MTL_ENABLE_DEBUG_INFO = INCLUDE_SOURCE;
				MTL_FAST_MATH = YES;
				ONLY_ACTIVE_ARCH = YES;
				SDKROOT = iphoneos;
				SWIFT_ACTIVE_COMPILATION_CONDITIONS = DEBUG;
				SWIFT_OPTIMIZATION_LEVEL = "-Onone";
			};
			name = Debug;
		};
		A52E6938245D4B610084B268 /* Release */ = {
			isa = XCBuildConfiguration;
			buildSettings = {
				ALWAYS_SEARCH_USER_PATHS = NO;
				CLANG_ANALYZER_NONNULL = YES;
				CLANG_ANALYZER_NUMBER_OBJECT_CONVERSION = YES_AGGRESSIVE;
				CLANG_CXX_LANGUAGE_STANDARD = "gnu++14";
				CLANG_CXX_LIBRARY = "libc++";
				CLANG_ENABLE_MODULES = YES;
				CLANG_ENABLE_OBJC_ARC = YES;
				CLANG_ENABLE_OBJC_WEAK = YES;
				CLANG_WARN_BLOCK_CAPTURE_AUTORELEASING = YES;
				CLANG_WARN_BOOL_CONVERSION = YES;
				CLANG_WARN_COMMA = YES;
				CLANG_WARN_CONSTANT_CONVERSION = YES;
				CLANG_WARN_DEPRECATED_OBJC_IMPLEMENTATIONS = YES;
				CLANG_WARN_DIRECT_OBJC_ISA_USAGE = YES_ERROR;
				CLANG_WARN_DOCUMENTATION_COMMENTS = YES;
				CLANG_WARN_EMPTY_BODY = YES;
				CLANG_WARN_ENUM_CONVERSION = YES;
				CLANG_WARN_INFINITE_RECURSION = YES;
				CLANG_WARN_INT_CONVERSION = YES;
				CLANG_WARN_NON_LITERAL_NULL_CONVERSION = YES;
				CLANG_WARN_OBJC_IMPLICIT_RETAIN_SELF = YES;
				CLANG_WARN_OBJC_LITERAL_CONVERSION = YES;
				CLANG_WARN_OBJC_ROOT_CLASS = YES_ERROR;
				CLANG_WARN_RANGE_LOOP_ANALYSIS = YES;
				CLANG_WARN_STRICT_PROTOTYPES = YES;
				CLANG_WARN_SUSPICIOUS_MOVE = YES;
				CLANG_WARN_UNGUARDED_AVAILABILITY = YES_AGGRESSIVE;
				CLANG_WARN_UNREACHABLE_CODE = YES;
				CLANG_WARN__DUPLICATE_METHOD_MATCH = YES;
				COPY_PHASE_STRIP = NO;
				DEBUG_INFORMATION_FORMAT = "dwarf-with-dsym";
				ENABLE_NS_ASSERTIONS = NO;
				ENABLE_STRICT_OBJC_MSGSEND = YES;
				GCC_C_LANGUAGE_STANDARD = gnu11;
				GCC_NO_COMMON_BLOCKS = YES;
				GCC_WARN_64_TO_32_BIT_CONVERSION = YES;
				GCC_WARN_ABOUT_RETURN_TYPE = YES_ERROR;
				GCC_WARN_UNDECLARED_SELECTOR = YES;
				GCC_WARN_UNINITIALIZED_AUTOS = YES_AGGRESSIVE;
				GCC_WARN_UNUSED_FUNCTION = YES;
				GCC_WARN_UNUSED_VARIABLE = YES;
				IPHONEOS_DEPLOYMENT_TARGET = 13.4;
				MTL_ENABLE_DEBUG_INFO = NO;
				MTL_FAST_MATH = YES;
				SDKROOT = iphoneos;
				SWIFT_COMPILATION_MODE = wholemodule;
				SWIFT_OPTIMIZATION_LEVEL = "-O";
				VALIDATE_PRODUCT = YES;
			};
			name = Release;
		};
		A52E693A245D4B610084B268 /* Debug */ = {
			isa = XCBuildConfiguration;
			baseConfigurationReference = E2601C2D0C9620BE85B91FE8 /* Pods-WhereAreYou.debug.xcconfig */;
			buildSettings = {
				ASSETCATALOG_COMPILER_APPICON_NAME = AppIcon;
				CODE_SIGN_IDENTITY = "Apple Development";
				CODE_SIGN_STYLE = Automatic;
				DEVELOPMENT_TEAM = DH7PS64634;
				INFOPLIST_FILE = WhereAreYou/Info.plist;
				LD_RUNPATH_SEARCH_PATHS = (
					"$(inherited)",
					"@executable_path/Frameworks",
				);
				PRODUCT_BUNDLE_IDENTIFIER = com.jaeinjeong.WhereAreYou;
				PRODUCT_NAME = "$(TARGET_NAME)";
				PROVISIONING_PROFILE_SPECIFIER = "";
				SWIFT_VERSION = 5.0;
				TARGETED_DEVICE_FAMILY = "1,2";
			};
			name = Debug;
		};
		A52E693B245D4B610084B268 /* Release */ = {
			isa = XCBuildConfiguration;
			baseConfigurationReference = 25F3374AEDF3C6FC47705AD2 /* Pods-WhereAreYou.release.xcconfig */;
			buildSettings = {
				ASSETCATALOG_COMPILER_APPICON_NAME = AppIcon;
				CODE_SIGN_IDENTITY = "Apple Development";
				CODE_SIGN_STYLE = Automatic;
				DEVELOPMENT_TEAM = DH7PS64634;
				INFOPLIST_FILE = WhereAreYou/Info.plist;
				LD_RUNPATH_SEARCH_PATHS = (
					"$(inherited)",
					"@executable_path/Frameworks",
				);
				PRODUCT_BUNDLE_IDENTIFIER = com.jaeinjeong.WhereAreYou;
				PRODUCT_NAME = "$(TARGET_NAME)";
				PROVISIONING_PROFILE_SPECIFIER = "";
				SWIFT_VERSION = 5.0;
				TARGETED_DEVICE_FAMILY = "1,2";
			};
			name = Release;
		};
/* End XCBuildConfiguration section */

/* Begin XCConfigurationList section */
		A52E691D245D4B610084B268 /* Build configuration list for PBXProject "WhereAreYou" */ = {
			isa = XCConfigurationList;
			buildConfigurations = (
				A52E6937245D4B610084B268 /* Debug */,
				A52E6938245D4B610084B268 /* Release */,
			);
			defaultConfigurationIsVisible = 0;
			defaultConfigurationName = Release;
		};
		A52E6939245D4B610084B268 /* Build configuration list for PBXNativeTarget "WhereAreYou" */ = {
			isa = XCConfigurationList;
			buildConfigurations = (
				A52E693A245D4B610084B268 /* Debug */,
				A52E693B245D4B610084B268 /* Release */,
			);
			defaultConfigurationIsVisible = 0;
			defaultConfigurationName = Release;
		};
/* End XCConfigurationList section */

/* Begin XCVersionGroup section */
		A52E692E245D4B610084B268 /* WhereAreYou.xcdatamodeld */ = {
			isa = XCVersionGroup;
			children = (
				A52E692F245D4B610084B268 /* WhereAreYou.xcdatamodel */,
			);
			currentVersion = A52E692F245D4B610084B268 /* WhereAreYou.xcdatamodel */;
			path = WhereAreYou.xcdatamodeld;
			sourceTree = "<group>";
			versionGroupType = wrapper.xcdatamodel;
		};
/* End XCVersionGroup section */
	};
	rootObject = A52E691A245D4B610084B268 /* Project object */;
}
